// !$*UTF8*$!
{
	archiveVersion = 1;
	classes = {
	};
	objectVersion = 56;
	objects = {

/* Begin PBXBuildFile section */
		C03522872AF73C4800929453 /* TajweedParser.docc in Sources */ = {isa = PBXBuildFile; fileRef = C03522862AF73C4800929453 /* TajweedParser.docc */; };
		C035228D2AF73C4900929453 /* TajweedParser.framework in Frameworks */ = {isa = PBXBuildFile; fileRef = C03522822AF73C4800929453 /* TajweedParser.framework */; };
		C03522922AF73C4900929453 /* TajweedParserTests.swift in Sources */ = {isa = PBXBuildFile; fileRef = C03522912AF73C4900929453 /* TajweedParserTests.swift */; };
		C03522932AF73C4900929453 /* TajweedParser.h in Headers */ = {isa = PBXBuildFile; fileRef = C03522852AF73C4800929453 /* TajweedParser.h */; settings = {ATTRIBUTES = (Public, ); }; };
		C035229D2AF73C7400929453 /* TajweedParser.swift in Sources */ = {isa = PBXBuildFile; fileRef = C035229C2AF73C7400929453 /* TajweedParser.swift */; };
/* End PBXBuildFile section */

/* Begin PBXContainerItemProxy section */
		C035228E2AF73C4900929453 /* PBXContainerItemProxy */ = {
			isa = PBXContainerItemProxy;
			containerPortal = C03522792AF73C4800929453 /* Project object */;
			proxyType = 1;
			remoteGlobalIDString = C03522812AF73C4800929453;
			remoteInfo = TajweedParser;
		};
/* End PBXContainerItemProxy section */

/* Begin PBXFileReference section */
		C03522822AF73C4800929453 /* TajweedParser.framework */ = {isa = PBXFileReference; explicitFileType = wrapper.framework; includeInIndex = 0; path = TajweedParser.framework; sourceTree = BUILT_PRODUCTS_DIR; };
		C03522852AF73C4800929453 /* TajweedParser.h */ = {isa = PBXFileReference; lastKnownFileType = sourcecode.c.h; path = TajweedParser.h; sourceTree = "<group>"; };
		C03522862AF73C4800929453 /* TajweedParser.docc */ = {isa = PBXFileReference; lastKnownFileType = folder.documentationcatalog; path = TajweedParser.docc; sourceTree = "<group>"; };
		C035228C2AF73C4900929453 /* TajweedParserTests.xctest */ = {isa = PBXFileReference; explicitFileType = wrapper.cfbundle; includeInIndex = 0; path = TajweedParserTests.xctest; sourceTree = BUILT_PRODUCTS_DIR; };
		C03522912AF73C4900929453 /* TajweedParserTests.swift */ = {isa = PBXFileReference; lastKnownFileType = sourcecode.swift; path = TajweedParserTests.swift; sourceTree = "<group>"; };
		C035229C2AF73C7400929453 /* TajweedParser.swift */ = {isa = PBXFileReference; lastKnownFileType = sourcecode.swift; path = TajweedParser.swift; sourceTree = "<group>"; };
/* End PBXFileReference section */

/* Begin PBXFrameworksBuildPhase section */
		C035227F2AF73C4800929453 /* Frameworks */ = {
			isa = PBXFrameworksBuildPhase;
			buildActionMask = 2147483647;
			files = (
			);
			runOnlyForDeploymentPostprocessing = 0;
		};
		C03522892AF73C4900929453 /* Frameworks */ = {
			isa = PBXFrameworksBuildPhase;
			buildActionMask = 2147483647;
			files = (
				C035228D2AF73C4900929453 /* TajweedParser.framework in Frameworks */,
			);
			runOnlyForDeploymentPostprocessing = 0;
		};
/* End PBXFrameworksBuildPhase section */

/* Begin PBXGroup section */
		C03522782AF73C4800929453 = {
			isa = PBXGroup;
			children = (
				C03522842AF73C4800929453 /* TajweedParser */,
				C03522902AF73C4900929453 /* TajweedParserTests */,
				C03522832AF73C4800929453 /* Products */,
			);
			sourceTree = "<group>";
		};
		C03522832AF73C4800929453 /* Products */ = {
			isa = PBXGroup;
			children = (
				C03522822AF73C4800929453 /* TajweedParser.framework */,
				C035228C2AF73C4900929453 /* TajweedParserTests.xctest */,
			);
			name = Products;
			sourceTree = "<group>";
		};
		C03522842AF73C4800929453 /* TajweedParser */ = {
			isa = PBXGroup;
			children = (
				C03522852AF73C4800929453 /* TajweedParser.h */,
				C03522862AF73C4800929453 /* TajweedParser.docc */,
				C035229C2AF73C7400929453 /* TajweedParser.swift */,
			);
			path = TajweedParser;
			sourceTree = "<group>";
		};
		C03522902AF73C4900929453 /* TajweedParserTests */ = {
			isa = PBXGroup;
			children = (
				C03522912AF73C4900929453 /* TajweedParserTests.swift */,
			);
			path = TajweedParserTests;
			sourceTree = "<group>";
		};
/* End PBXGroup section */

/* Begin PBXHeadersBuildPhase section */
		C035227D2AF73C4800929453 /* Headers */ = {
			isa = PBXHeadersBuildPhase;
			buildActionMask = 2147483647;
			files = (
				C03522932AF73C4900929453 /* TajweedParser.h in Headers */,
			);
			runOnlyForDeploymentPostprocessing = 0;
		};
/* End PBXHeadersBuildPhase section */

/* Begin PBXNativeTarget section */
		C03522812AF73C4800929453 /* TajweedParser */ = {
			isa = PBXNativeTarget;
			buildConfigurationList = C03522962AF73C4900929453 /* Build configuration list for PBXNativeTarget "TajweedParser" */;
			buildPhases = (
				C035227D2AF73C4800929453 /* Headers */,
				C035227E2AF73C4800929453 /* Sources */,
				C035227F2AF73C4800929453 /* Frameworks */,
				C03522802AF73C4800929453 /* Resources */,
			);
			buildRules = (
			);
			dependencies = (
			);
			name = TajweedParser;
			productName = TajweedParser;
			productReference = C03522822AF73C4800929453 /* TajweedParser.framework */;
			productType = "com.apple.product-type.framework";
		};
		C035228B2AF73C4900929453 /* TajweedParserTests */ = {
			isa = PBXNativeTarget;
			buildConfigurationList = C03522992AF73C4900929453 /* Build configuration list for PBXNativeTarget "TajweedParserTests" */;
			buildPhases = (
				C03522882AF73C4900929453 /* Sources */,
				C03522892AF73C4900929453 /* Frameworks */,
				C035228A2AF73C4900929453 /* Resources */,
			);
			buildRules = (
			);
			dependencies = (
				C035228F2AF73C4900929453 /* PBXTargetDependency */,
			);
			name = TajweedParserTests;
			productName = TajweedParserTests;
			productReference = C035228C2AF73C4900929453 /* TajweedParserTests.xctest */;
			productType = "com.apple.product-type.bundle.unit-test";
		};
/* End PBXNativeTarget section */

/* Begin PBXProject section */
		C03522792AF73C4800929453 /* Project object */ = {
			isa = PBXProject;
			attributes = {
				BuildIndependentTargetsInParallel = 1;
				LastSwiftUpdateCheck = 1420;
				LastUpgradeCheck = 1420;
				TargetAttributes = {
					C03522812AF73C4800929453 = {
						CreatedOnToolsVersion = 14.2;
						LastSwiftMigration = "";
					};
					C035228B2AF73C4900929453 = {
						CreatedOnToolsVersion = 14.2;
					};
				};
			};
			buildConfigurationList = C035227C2AF73C4800929453 /* Build configuration list for PBXProject "TajweedParser" */;
			compatibilityVersion = "Xcode 14.0";
			developmentRegion = en;
			hasScannedForEncodings = 0;
			knownRegions = (
				en,
				Base,
			);
			mainGroup = C03522782AF73C4800929453;
			productRefGroup = C03522832AF73C4800929453 /* Products */;
			projectDirPath = "";
			projectRoot = "";
			targets = (
				C03522812AF73C4800929453 /* TajweedParser */,
				C035228B2AF73C4900929453 /* TajweedParserTests */,
			);
		};
/* End PBXProject section */

/* Begin PBXResourcesBuildPhase section */
		C03522802AF73C4800929453 /* Resources */ = {
			isa = PBXResourcesBuildPhase;
			buildActionMask = 2147483647;
			files = (
			);
			runOnlyForDeploymentPostprocessing = 0;
		};
		C035228A2AF73C4900929453 /* Resources */ = {
			isa = PBXResourcesBuildPhase;
			buildActionMask = 2147483647;
			files = (
			);
			runOnlyForDeploymentPostprocessing = 0;
		};
/* End PBXResourcesBuildPhase section */

/* Begin PBXSourcesBuildPhase section */
		C035227E2AF73C4800929453 /* Sources */ = {
			isa = PBXSourcesBuildPhase;
			buildActionMask = 2147483647;
			files = (
				C03522872AF73C4800929453 /* TajweedParser.docc in Sources */,
				C035229D2AF73C7400929453 /* TajweedParser.swift in Sources */,
			);
			runOnlyForDeploymentPostprocessing = 0;
		};
		C03522882AF73C4900929453 /* Sources */ = {
			isa = PBXSourcesBuildPhase;
			buildActionMask = 2147483647;
			files = (
				C03522922AF73C4900929453 /* TajweedParserTests.swift in Sources */,
			);
			runOnlyForDeploymentPostprocessing = 0;
		};
/* End PBXSourcesBuildPhase section */

/* Begin PBXTargetDependency section */
		C035228F2AF73C4900929453 /* PBXTargetDependency */ = {
			isa = PBXTargetDependency;
			target = C03522812AF73C4800929453 /* TajweedParser */;
			targetProxy = C035228E2AF73C4900929453 /* PBXContainerItemProxy */;
		};
/* End PBXTargetDependency section */

/* Begin XCBuildConfiguration section */
		C03522942AF73C4900929453 /* Debug */ = {
			isa = XCBuildConfiguration;
			buildSettings = {
				ALWAYS_SEARCH_USER_PATHS = NO;
				CLANG_ANALYZER_NONNULL = YES;
				CLANG_ANALYZER_NUMBER_OBJECT_CONVERSION = YES_AGGRESSIVE;
				CLANG_CXX_LANGUAGE_STANDARD = "gnu++20";
				CLANG_ENABLE_MODULES = YES;
				CLANG_ENABLE_OBJC_ARC = YES;
				CLANG_ENABLE_OBJC_WEAK = YES;
				CLANG_WARN_BLOCK_CAPTURE_AUTORELEASING = YES;
				CLANG_WARN_BOOL_CONVERSION = YES;
				CLANG_WARN_COMMA = YES;
				CLANG_WARN_CONSTANT_CONVERSION = YES;
				CLANG_WARN_DEPRECATED_OBJC_IMPLEMENTATIONS = YES;
				CLANG_WARN_DIRECT_OBJC_ISA_USAGE = YES_ERROR;
				CLANG_WARN_DOCUMENTATION_COMMENTS = YES;
				CLANG_WARN_EMPTY_BODY = YES;
				CLANG_WARN_ENUM_CONVERSION = YES;
				CLANG_WARN_INFINITE_RECURSION = YES;
				CLANG_WARN_INT_CONVERSION = YES;
				CLANG_WARN_NON_LITERAL_NULL_CONVERSION = YES;
				CLANG_WARN_OBJC_IMPLICIT_RETAIN_SELF = YES;
				CLANG_WARN_OBJC_LITERAL_CONVERSION = YES;
				CLANG_WARN_OBJC_ROOT_CLASS = YES_ERROR;
				CLANG_WARN_QUOTED_INCLUDE_IN_FRAMEWORK_HEADER = YES;
				CLANG_WARN_RANGE_LOOP_ANALYSIS = YES;
				CLANG_WARN_STRICT_PROTOTYPES = YES;
				CLANG_WARN_SUSPICIOUS_MOVE = YES;
				CLANG_WARN_UNGUARDED_AVAILABILITY = YES_AGGRESSIVE;
				CLANG_WARN_UNREACHABLE_CODE = YES;
				CLANG_WARN__DUPLICATE_METHOD_MATCH = YES;
				COPY_PHASE_STRIP = NO;
				CURRENT_PROJECT_VERSION = 1;
				DEBUG_INFORMATION_FORMAT = dwarf;
				ENABLE_STRICT_OBJC_MSGSEND = YES;
				ENABLE_TESTABILITY = YES;
				GCC_C_LANGUAGE_STANDARD = gnu11;
				GCC_DYNAMIC_NO_PIC = NO;
				GCC_NO_COMMON_BLOCKS = YES;
				GCC_OPTIMIZATION_LEVEL = 0;
				GCC_PREPROCESSOR_DEFINITIONS = (
					"DEBUG=1",
					"$(inherited)",
				);
				GCC_WARN_64_TO_32_BIT_CONVERSION = YES;
				GCC_WARN_ABOUT_RETURN_TYPE = YES_ERROR;
				GCC_WARN_UNDECLARED_SELECTOR = YES;
				GCC_WARN_UNINITIALIZED_AUTOS = YES_AGGRESSIVE;
				GCC_WARN_UNUSED_FUNCTION = YES;
				GCC_WARN_UNUSED_VARIABLE = YES;
				IPHONEOS_DEPLOYMENT_TARGET = 13.0;
				MTL_ENABLE_DEBUG_INFO = INCLUDE_SOURCE;
				MTL_FAST_MATH = YES;
				ONLY_ACTIVE_ARCH = YES;
				SDKROOT = iphoneos;
				SWIFT_ACTIVE_COMPILATION_CONDITIONS = DEBUG;
				SWIFT_OPTIMIZATION_LEVEL = "-Onone";
				SWIFT_VERSION = 5.0;
				VERSIONING_SYSTEM = "apple-generic";
				VERSION_INFO_PREFIX = "";
			};
			name = Debug;
		};
		C03522952AF73C4900929453 /* Release */ = {
			isa = XCBuildConfiguration;
			buildSettings = {
				ALWAYS_SEARCH_USER_PATHS = NO;
				CLANG_ANALYZER_NONNULL = YES;
				CLANG_ANALYZER_NUMBER_OBJECT_CONVERSION = YES_AGGRESSIVE;
				CLANG_CXX_LANGUAGE_STANDARD = "gnu++20";
				CLANG_ENABLE_MODULES = YES;
				CLANG_ENABLE_OBJC_ARC = YES;
				CLANG_ENABLE_OBJC_WEAK = YES;
				CLANG_WARN_BLOCK_CAPTURE_AUTORELEASING = YES;
				CLANG_WARN_BOOL_CONVERSION = YES;
				CLANG_WARN_COMMA = YES;
				CLANG_WARN_CONSTANT_CONVERSION = YES;
				CLANG_WARN_DEPRECATED_OBJC_IMPLEMENTATIONS = YES;
				CLANG_WARN_DIRECT_OBJC_ISA_USAGE = YES_ERROR;
				CLANG_WARN_DOCUMENTATION_COMMENTS = YES;
				CLANG_WARN_EMPTY_BODY = YES;
				CLANG_WARN_ENUM_CONVERSION = YES;
				CLANG_WARN_INFINITE_RECURSION = YES;
				CLANG_WARN_INT_CONVERSION = YES;
				CLANG_WARN_NON_LITERAL_NULL_CONVERSION = YES;
				CLANG_WARN_OBJC_IMPLICIT_RETAIN_SELF = YES;
				CLANG_WARN_OBJC_LITERAL_CONVERSION = YES;
				CLANG_WARN_OBJC_ROOT_CLASS = YES_ERROR;
				CLANG_WARN_QUOTED_INCLUDE_IN_FRAMEWORK_HEADER = YES;
				CLANG_WARN_RANGE_LOOP_ANALYSIS = YES;
				CLANG_WARN_STRICT_PROTOTYPES = YES;
				CLANG_WARN_SUSPICIOUS_MOVE = YES;
				CLANG_WARN_UNGUARDED_AVAILABILITY = YES_AGGRESSIVE;
				CLANG_WARN_UNREACHABLE_CODE = YES;
				CLANG_WARN__DUPLICATE_METHOD_MATCH = YES;
				COPY_PHASE_STRIP = NO;
				CURRENT_PROJECT_VERSION = 1;
				DEBUG_INFORMATION_FORMAT = "dwarf-with-dsym";
				ENABLE_NS_ASSERTIONS = NO;
				ENABLE_STRICT_OBJC_MSGSEND = YES;
				GCC_C_LANGUAGE_STANDARD = gnu11;
				GCC_NO_COMMON_BLOCKS = YES;
				GCC_WARN_64_TO_32_BIT_CONVERSION = YES;
				GCC_WARN_ABOUT_RETURN_TYPE = YES_ERROR;
				GCC_WARN_UNDECLARED_SELECTOR = YES;
				GCC_WARN_UNINITIALIZED_AUTOS = YES_AGGRESSIVE;
				GCC_WARN_UNUSED_FUNCTION = YES;
				GCC_WARN_UNUSED_VARIABLE = YES;
				IPHONEOS_DEPLOYMENT_TARGET = 13.0;
				MTL_ENABLE_DEBUG_INFO = NO;
				MTL_FAST_MATH = YES;
				SDKROOT = iphoneos;
				SWIFT_COMPILATION_MODE = wholemodule;
				SWIFT_OPTIMIZATION_LEVEL = "-O";
				SWIFT_VERSION = 5.0;
				VALIDATE_PRODUCT = YES;
				VERSIONING_SYSTEM = "apple-generic";
				VERSION_INFO_PREFIX = "";
			};
			name = Release;
		};
		C03522972AF73C4900929453 /* Debug */ = {
			isa = XCBuildConfiguration;
			buildSettings = {
				BUILD_LIBRARY_FOR_DISTRIBUTION = YES;
				CODE_SIGN_STYLE = Automatic;
				CURRENT_PROJECT_VERSION = 1;
				DEFINES_MODULE = YES;
				DYLIB_COMPATIBILITY_VERSION = 1;
				DYLIB_CURRENT_VERSION = 1;
				DYLIB_INSTALL_NAME_BASE = "@rpath";
				GENERATE_INFOPLIST_FILE = YES;
				INFOPLIST_KEY_NSHumanReadableCopyright = "";
				INSTALL_PATH = "$(LOCAL_LIBRARY_DIR)/Frameworks";
				IPHONEOS_DEPLOYMENT_TARGET = 13.0;
				LD_RUNPATH_SEARCH_PATHS = (
					"$(inherited)",
					"@executable_path/Frameworks",
					"@loader_path/Frameworks",
				);
				MARKETING_VERSION = 1.0;
				PRODUCT_BUNDLE_IDENTIFIER = id.dreamfighter.ios.TajweedParser;
				PRODUCT_NAME = "$(TARGET_NAME:c99extidentifier)";
				SKIP_INSTALL = YES;
				SWIFT_EMIT_LOC_STRINGS = YES;
				SWIFT_VERSION = 5.0;
				TARGETED_DEVICE_FAMILY = "1,2";
			};
			name = Debug;
		};
		C03522982AF73C4900929453 /* Release */ = {
			isa = XCBuildConfiguration;
			buildSettings = {
				BUILD_LIBRARY_FOR_DISTRIBUTION = YES;
				CODE_SIGN_STYLE = Automatic;
				CURRENT_PROJECT_VERSION = 1;
				DEFINES_MODULE = YES;
				DYLIB_COMPATIBILITY_VERSION = 1;
				DYLIB_CURRENT_VERSION = 1;
				DYLIB_INSTALL_NAME_BASE = "@rpath";
				GENERATE_INFOPLIST_FILE = YES;
				INFOPLIST_KEY_NSHumanReadableCopyright = "";
				INSTALL_PATH = "$(LOCAL_LIBRARY_DIR)/Frameworks";
				IPHONEOS_DEPLOYMENT_TARGET = 13.0;
				LD_RUNPATH_SEARCH_PATHS = (
					"$(inherited)",
					"@executable_path/Frameworks",
					"@loader_path/Frameworks",
				);
				MARKETING_VERSION = 1.0;
				PRODUCT_BUNDLE_IDENTIFIER = id.dreamfighter.ios.TajweedParser;
				PRODUCT_NAME = "$(TARGET_NAME:c99extidentifier)";
				SKIP_INSTALL = YES;
				SWIFT_EMIT_LOC_STRINGS = YES;
				SWIFT_VERSION = 5.0;
				TARGETED_DEVICE_FAMILY = "1,2";
			};
			name = Release;
		};
		C035229A2AF73C4900929453 /* Debug */ = {
			isa = XCBuildConfiguration;
			buildSettings = {
				ALWAYS_EMBED_SWIFT_STANDARD_LIBRARIES = YES;
				CODE_SIGN_STYLE = Automatic;
				CURRENT_PROJECT_VERSION = 1;
				GENERATE_INFOPLIST_FILE = YES;
				MARKETING_VERSION = 1.0;
				PRODUCT_BUNDLE_IDENTIFIER = id.dreamfighter.ios.TajweedParserTests;
				PRODUCT_NAME = "$(TARGET_NAME)";
				SWIFT_EMIT_LOC_STRINGS = NO;
				SWIFT_VERSION = 5.0;
				TARGETED_DEVICE_FAMILY = "1,2";
			};
			name = Debug;
		};
		C035229B2AF73C4900929453 /* Release */ = {
			isa = XCBuildConfiguration;
			buildSettings = {
				ALWAYS_EMBED_SWIFT_STANDARD_LIBRARIES = YES;
				CODE_SIGN_STYLE = Automatic;
				CURRENT_PROJECT_VERSION = 1;
				GENERATE_INFOPLIST_FILE = YES;
				MARKETING_VERSION = 1.0;
				PRODUCT_BUNDLE_IDENTIFIER = id.dreamfighter.ios.TajweedParserTests;
				PRODUCT_NAME = "$(TARGET_NAME)";
				SWIFT_EMIT_LOC_STRINGS = NO;
				SWIFT_VERSION = 5.0;
				TARGETED_DEVICE_FAMILY = "1,2";
			};
			name = Release;
		};
/* End XCBuildConfiguration section */

/* Begin XCConfigurationList section */
		C035227C2AF73C4800929453 /* Build configuration list for PBXProject "TajweedParser" */ = {
			isa = XCConfigurationList;
			buildConfigurations = (
				C03522942AF73C4900929453 /* Debug */,
				C03522952AF73C4900929453 /* Release */,
			);
			defaultConfigurationIsVisible = 0;
			defaultConfigurationName = Release;
		};
		C03522962AF73C4900929453 /* Build configuration list for PBXNativeTarget "TajweedParser" */ = {
			isa = XCConfigurationList;
			buildConfigurations = (
				C03522972AF73C4900929453 /* Debug */,
				C03522982AF73C4900929453 /* Release */,
			);
			defaultConfigurationIsVisible = 0;
			defaultConfigurationName = Release;
		};
		C03522992AF73C4900929453 /* Build configuration list for PBXNativeTarget "TajweedParserTests" */ = {
			isa = XCConfigurationList;
			buildConfigurations = (
				C035229A2AF73C4900929453 /* Debug */,
				C035229B2AF73C4900929453 /* Release */,
			);
			defaultConfigurationIsVisible = 0;
			defaultConfigurationName = Release;
		};
/* End XCConfigurationList section */
	};
	rootObject = C03522792AF73C4800929453 /* Project object */;
}
